// !$*UTF8*$!
{
	archiveVersion = 1;
	classes = {
	};
	objectVersion = 46;
	objects = {

/* Begin PBXBuildFile section */
		26872D51AD9F3ECABDB36007 /* libPods-SoapBoxTV.a in Frameworks */ = {isa = PBXBuildFile; fileRef = 911DAE482C3E7F119D13DB7F /* libPods-SoapBoxTV.a */; };
		6D82EA771B8A8F58007EE2D6 /* LobbyTableViewController.m in Sources */ = {isa = PBXBuildFile; fileRef = 6D82EA701B8A8F58007EE2D6 /* LobbyTableViewController.m */; };
		6D82EA781B8A8F58007EE2D6 /* LoginViewController.m in Sources */ = {isa = PBXBuildFile; fileRef = 6D82EA731B8A8F58007EE2D6 /* LoginViewController.m */; };
		6D82EA791B8A8F58007EE2D6 /* RoomViewController.m in Sources */ = {isa = PBXBuildFile; fileRef = 6D82EA761B8A8F58007EE2D6 /* RoomViewController.m */; };
		6D82EA7C1B8AE53A007EE2D6 /* LobbyViewController.m in Sources */ = {isa = PBXBuildFile; fileRef = 6D82EA7B1B8AE53A007EE2D6 /* LobbyViewController.m */; };
		6DA859041B6E69C60047D2A3 /* main.m in Sources */ = {isa = PBXBuildFile; fileRef = 6DA859031B6E69C60047D2A3 /* main.m */; };
		6DA859071B6E69C60047D2A3 /* AppDelegate.m in Sources */ = {isa = PBXBuildFile; fileRef = 6DA859061B6E69C60047D2A3 /* AppDelegate.m */; };
		6DA8590D1B6E69C60047D2A3 /* Main.storyboard in Resources */ = {isa = PBXBuildFile; fileRef = 6DA8590B1B6E69C60047D2A3 /* Main.storyboard */; };
		6DA8590F1B6E69C60047D2A3 /* Images.xcassets in Resources */ = {isa = PBXBuildFile; fileRef = 6DA8590E1B6E69C60047D2A3 /* Images.xcassets */; };
		6DA859121B6E69C60047D2A3 /* LaunchScreen.xib in Resources */ = {isa = PBXBuildFile; fileRef = 6DA859101B6E69C60047D2A3 /* LaunchScreen.xib */; };
		6DA8591E1B6E69C60047D2A3 /* SoapBoxTVTests.m in Sources */ = {isa = PBXBuildFile; fileRef = 6DA8591D1B6E69C60047D2A3 /* SoapBoxTVTests.m */; };
		6DDAA9351B893CB3003DFD22 /* Room.m in Sources */ = {isa = PBXBuildFile; fileRef = 6DDAA9341B893CB3003DFD22 /* Room.m */; };
		6DDAA93F1B8A6D15003DFD22 /* RoomAssembler.m in Sources */ = {isa = PBXBuildFile; fileRef = 6DDAA93E1B8A6D15003DFD22 /* RoomAssembler.m */; };
		6DDAA9451B8A86C7003DFD22 /* RoomStore.m in Sources */ = {isa = PBXBuildFile; fileRef = 6DDAA9441B8A86C7003DFD22 /* RoomStore.m */; };
		6DED7FD31B71D37A0008C4D3 /* Fabric.framework in Frameworks */ = {isa = PBXBuildFile; fileRef = 6DED7FCF1B71D37A0008C4D3 /* Fabric.framework */; };
		6DED7FD41B71D37B0008C4D3 /* TwitterKit.framework in Frameworks */ = {isa = PBXBuildFile; fileRef = 6DED7FD01B71D37A0008C4D3 /* TwitterKit.framework */; };
		6DED7FD51B71D37B0008C4D3 /* TwitterKitResources.bundle in Resources */ = {isa = PBXBuildFile; fileRef = 6DED7FD11B71D37A0008C4D3 /* TwitterKitResources.bundle */; };
		6DED7FD61B71D37B0008C4D3 /* TwitterCore.framework in Frameworks */ = {isa = PBXBuildFile; fileRef = 6DED7FD21B71D37A0008C4D3 /* TwitterCore.framework */; };
/* End PBXBuildFile section */

/* Begin PBXContainerItemProxy section */
		6DA859181B6E69C60047D2A3 /* PBXContainerItemProxy */ = {
			isa = PBXContainerItemProxy;
			containerPortal = 6DA858F61B6E69C50047D2A3 /* Project object */;
			proxyType = 1;
			remoteGlobalIDString = 6DA858FD1B6E69C50047D2A3;
			remoteInfo = SoapBoxTV;
		};
/* End PBXContainerItemProxy section */

/* Begin PBXFileReference section */
		0533F2DDC80E04311C3D436B /* Pods-SoapBoxTV.release.xcconfig */ = {isa = PBXFileReference; includeInIndex = 1; lastKnownFileType = text.xcconfig; name = "Pods-SoapBoxTV.release.xcconfig"; path = "Pods/Target Support Files/Pods-SoapBoxTV/Pods-SoapBoxTV.release.xcconfig"; sourceTree = "<group>"; };
		6D82EA6F1B8A8F58007EE2D6 /* LobbyTableViewController.h */ = {isa = PBXFileReference; fileEncoding = 4; lastKnownFileType = sourcecode.c.h; path = LobbyTableViewController.h; sourceTree = "<group>"; };
		6D82EA701B8A8F58007EE2D6 /* LobbyTableViewController.m */ = {isa = PBXFileReference; fileEncoding = 4; lastKnownFileType = sourcecode.c.objc; path = LobbyTableViewController.m; sourceTree = "<group>"; };
		6D82EA721B8A8F58007EE2D6 /* LoginViewController.h */ = {isa = PBXFileReference; fileEncoding = 4; lastKnownFileType = sourcecode.c.h; path = LoginViewController.h; sourceTree = "<group>"; };
		6D82EA731B8A8F58007EE2D6 /* LoginViewController.m */ = {isa = PBXFileReference; fileEncoding = 4; lastKnownFileType = sourcecode.c.objc; path = LoginViewController.m; sourceTree = "<group>"; };
		6D82EA751B8A8F58007EE2D6 /* RoomViewController.h */ = {isa = PBXFileReference; fileEncoding = 4; lastKnownFileType = sourcecode.c.h; path = RoomViewController.h; sourceTree = "<group>"; };
		6D82EA761B8A8F58007EE2D6 /* RoomViewController.m */ = {isa = PBXFileReference; fileEncoding = 4; lastKnownFileType = sourcecode.c.objc; path = RoomViewController.m; sourceTree = "<group>"; };
		6D82EA7A1B8AE53A007EE2D6 /* LobbyViewController.h */ = {isa = PBXFileReference; fileEncoding = 4; lastKnownFileType = sourcecode.c.h; path = LobbyViewController.h; sourceTree = "<group>"; };
		6D82EA7B1B8AE53A007EE2D6 /* LobbyViewController.m */ = {isa = PBXFileReference; fileEncoding = 4; lastKnownFileType = sourcecode.c.objc; path = LobbyViewController.m; sourceTree = "<group>"; };
		6DA858FE1B6E69C50047D2A3 /* SoapBoxTV.app */ = {isa = PBXFileReference; explicitFileType = wrapper.application; includeInIndex = 0; path = SoapBoxTV.app; sourceTree = BUILT_PRODUCTS_DIR; };
		6DA859021B6E69C60047D2A3 /* Info.plist */ = {isa = PBXFileReference; lastKnownFileType = text.plist.xml; path = Info.plist; sourceTree = "<group>"; };
		6DA859031B6E69C60047D2A3 /* main.m */ = {isa = PBXFileReference; lastKnownFileType = sourcecode.c.objc; path = main.m; sourceTree = "<group>"; };
		6DA859051B6E69C60047D2A3 /* AppDelegate.h */ = {isa = PBXFileReference; lastKnownFileType = sourcecode.c.h; path = AppDelegate.h; sourceTree = "<group>"; };
		6DA859061B6E69C60047D2A3 /* AppDelegate.m */ = {isa = PBXFileReference; lastKnownFileType = sourcecode.c.objc; path = AppDelegate.m; sourceTree = "<group>"; };
		6DA8590C1B6E69C60047D2A3 /* Base */ = {isa = PBXFileReference; lastKnownFileType = file.storyboard; name = Base; path = Base.lproj/Main.storyboard; sourceTree = "<group>"; };
		6DA8590E1B6E69C60047D2A3 /* Images.xcassets */ = {isa = PBXFileReference; lastKnownFileType = folder.assetcatalog; path = Images.xcassets; sourceTree = "<group>"; };
		6DA859111B6E69C60047D2A3 /* Base */ = {isa = PBXFileReference; lastKnownFileType = file.xib; name = Base; path = Base.lproj/LaunchScreen.xib; sourceTree = "<group>"; };
		6DA859171B6E69C60047D2A3 /* SoapBoxTVTests.xctest */ = {isa = PBXFileReference; explicitFileType = wrapper.cfbundle; includeInIndex = 0; path = SoapBoxTVTests.xctest; sourceTree = BUILT_PRODUCTS_DIR; };
		6DA8591C1B6E69C60047D2A3 /* Info.plist */ = {isa = PBXFileReference; lastKnownFileType = text.plist.xml; path = Info.plist; sourceTree = "<group>"; };
		6DA8591D1B6E69C60047D2A3 /* SoapBoxTVTests.m */ = {isa = PBXFileReference; lastKnownFileType = sourcecode.c.objc; path = SoapBoxTVTests.m; sourceTree = "<group>"; };
		6DDAA9331B893CB3003DFD22 /* Room.h */ = {isa = PBXFileReference; fileEncoding = 4; lastKnownFileType = sourcecode.c.h; path = Room.h; sourceTree = "<group>"; };
		6DDAA9341B893CB3003DFD22 /* Room.m */ = {isa = PBXFileReference; fileEncoding = 4; lastKnownFileType = sourcecode.c.objc; path = Room.m; sourceTree = "<group>"; };
		6DDAA93D1B8A6D15003DFD22 /* RoomAssembler.h */ = {isa = PBXFileReference; fileEncoding = 4; lastKnownFileType = sourcecode.c.h; path = RoomAssembler.h; sourceTree = "<group>"; };
		6DDAA93E1B8A6D15003DFD22 /* RoomAssembler.m */ = {isa = PBXFileReference; fileEncoding = 4; lastKnownFileType = sourcecode.c.objc; path = RoomAssembler.m; sourceTree = "<group>"; };
		6DDAA9431B8A86C7003DFD22 /* RoomStore.h */ = {isa = PBXFileReference; fileEncoding = 4; lastKnownFileType = sourcecode.c.h; path = RoomStore.h; sourceTree = "<group>"; };
		6DDAA9441B8A86C7003DFD22 /* RoomStore.m */ = {isa = PBXFileReference; fileEncoding = 4; lastKnownFileType = sourcecode.c.objc; path = RoomStore.m; sourceTree = "<group>"; };
		6DED7FCF1B71D37A0008C4D3 /* Fabric.framework */ = {isa = PBXFileReference; lastKnownFileType = wrapper.framework; path = Fabric.framework; sourceTree = SOURCE_ROOT; };
		6DED7FD01B71D37A0008C4D3 /* TwitterKit.framework */ = {isa = PBXFileReference; lastKnownFileType = wrapper.framework; path = TwitterKit.framework; sourceTree = SOURCE_ROOT; };
		6DED7FD11B71D37A0008C4D3 /* TwitterKitResources.bundle */ = {isa = PBXFileReference; lastKnownFileType = "wrapper.plug-in"; name = TwitterKitResources.bundle; path = TwitterKit.framework/Versions/A/Resources/TwitterKitResources.bundle; sourceTree = SOURCE_ROOT; };
		6DED7FD21B71D37A0008C4D3 /* TwitterCore.framework */ = {isa = PBXFileReference; lastKnownFileType = wrapper.framework; path = TwitterCore.framework; sourceTree = SOURCE_ROOT; };
		911DAE482C3E7F119D13DB7F /* libPods-SoapBoxTV.a */ = {isa = PBXFileReference; explicitFileType = archive.ar; includeInIndex = 0; path = "libPods-SoapBoxTV.a"; sourceTree = BUILT_PRODUCTS_DIR; };
		CDEE55FC906EC13ABE0BD768 /* Pods-SoapBoxTV.debug.xcconfig */ = {isa = PBXFileReference; includeInIndex = 1; lastKnownFileType = text.xcconfig; name = "Pods-SoapBoxTV.debug.xcconfig"; path = "Pods/Target Support Files/Pods-SoapBoxTV/Pods-SoapBoxTV.debug.xcconfig"; sourceTree = "<group>"; };
/* End PBXFileReference section */

/* Begin PBXFrameworksBuildPhase section */
		6DA858FB1B6E69C50047D2A3 /* Frameworks */ = {
			isa = PBXFrameworksBuildPhase;
			buildActionMask = 2147483647;
			files = (
				6DED7FD31B71D37A0008C4D3 /* Fabric.framework in Frameworks */,
				6DED7FD61B71D37B0008C4D3 /* TwitterCore.framework in Frameworks */,
				6DED7FD41B71D37B0008C4D3 /* TwitterKit.framework in Frameworks */,
				26872D51AD9F3ECABDB36007 /* libPods-SoapBoxTV.a in Frameworks */,
			);
			runOnlyForDeploymentPostprocessing = 0;
		};
		6DA859141B6E69C60047D2A3 /* Frameworks */ = {
			isa = PBXFrameworksBuildPhase;
			buildActionMask = 2147483647;
			files = (
			);
			runOnlyForDeploymentPostprocessing = 0;
		};
/* End PBXFrameworksBuildPhase section */

/* Begin PBXGroup section */
		6D82EA6D1B8A8F58007EE2D6 /* UI */ = {
			isa = PBXGroup;
			children = (
				6D82EA6E1B8A8F58007EE2D6 /* Lobby */,
				6D82EA711B8A8F58007EE2D6 /* Login */,
				6D82EA741B8A8F58007EE2D6 /* Room */,
			);
			path = UI;
			sourceTree = "<group>";
		};
		6D82EA6E1B8A8F58007EE2D6 /* Lobby */ = {
			isa = PBXGroup;
			children = (
				6D82EA6F1B8A8F58007EE2D6 /* LobbyTableViewController.h */,
				6D82EA701B8A8F58007EE2D6 /* LobbyTableViewController.m */,
				6D82EA7A1B8AE53A007EE2D6 /* LobbyViewController.h */,
				6D82EA7B1B8AE53A007EE2D6 /* LobbyViewController.m */,
			);
			path = Lobby;
			sourceTree = "<group>";
		};
		6D82EA711B8A8F58007EE2D6 /* Login */ = {
			isa = PBXGroup;
			children = (
				6D82EA721B8A8F58007EE2D6 /* LoginViewController.h */,
				6D82EA731B8A8F58007EE2D6 /* LoginViewController.m */,
			);
			path = Login;
			sourceTree = "<group>";
		};
		6D82EA741B8A8F58007EE2D6 /* Room */ = {
			isa = PBXGroup;
			children = (
				6D82EA751B8A8F58007EE2D6 /* RoomViewController.h */,
				6D82EA761B8A8F58007EE2D6 /* RoomViewController.m */,
			);
			path = Room;
			sourceTree = "<group>";
		};
		6DA858F51B6E69C50047D2A3 = {
			isa = PBXGroup;
			children = (
				6DA859001B6E69C50047D2A3 /* SoapBoxTV */,
				6DA8591A1B6E69C60047D2A3 /* SoapBoxTVTests */,
				6DA858FF1B6E69C50047D2A3 /* Products */,
				D40E8CA800C6A07A52454B71 /* Pods */,
				D07DF5C6A88D59ADF357C344 /* Frameworks */,
			);
			sourceTree = "<group>";
		};
		6DA858FF1B6E69C50047D2A3 /* Products */ = {
			isa = PBXGroup;
			children = (
				6DA858FE1B6E69C50047D2A3 /* SoapBoxTV.app */,
				6DA859171B6E69C60047D2A3 /* SoapBoxTVTests.xctest */,
			);
			name = Products;
			sourceTree = "<group>";
		};
		6DA859001B6E69C50047D2A3 /* SoapBoxTV */ = {
			isa = PBXGroup;
			children = (
				6D82EA6D1B8A8F58007EE2D6 /* UI */,
				6DDAA93A1B8A6CDB003DFD22 /* Store */,
				6DDAA9321B893C98003DFD22 /* Models */,
				6DED7FCF1B71D37A0008C4D3 /* Fabric.framework */,
				6DED7FD01B71D37A0008C4D3 /* TwitterKit.framework */,
				6DED7FD11B71D37A0008C4D3 /* TwitterKitResources.bundle */,
				6DED7FD21B71D37A0008C4D3 /* TwitterCore.framework */,
				6DA859051B6E69C60047D2A3 /* AppDelegate.h */,
				6DA859061B6E69C60047D2A3 /* AppDelegate.m */,
				6DA8590B1B6E69C60047D2A3 /* Main.storyboard */,
				6DA8590E1B6E69C60047D2A3 /* Images.xcassets */,
				6DA859101B6E69C60047D2A3 /* LaunchScreen.xib */,
				6DA859011B6E69C50047D2A3 /* Supporting Files */,
			);
			path = SoapBoxTV;
			sourceTree = "<group>";
		};
		6DA859011B6E69C50047D2A3 /* Supporting Files */ = {
			isa = PBXGroup;
			children = (
				6DA859021B6E69C60047D2A3 /* Info.plist */,
				6DA859031B6E69C60047D2A3 /* main.m */,
			);
			name = "Supporting Files";
			sourceTree = "<group>";
		};
		6DA8591A1B6E69C60047D2A3 /* SoapBoxTVTests */ = {
			isa = PBXGroup;
			children = (
				6DA8591D1B6E69C60047D2A3 /* SoapBoxTVTests.m */,
				6DA8591B1B6E69C60047D2A3 /* Supporting Files */,
			);
			path = SoapBoxTVTests;
			sourceTree = "<group>";
		};
		6DA8591B1B6E69C60047D2A3 /* Supporting Files */ = {
			isa = PBXGroup;
			children = (
				6DA8591C1B6E69C60047D2A3 /* Info.plist */,
			);
			name = "Supporting Files";
			sourceTree = "<group>";
		};
		6DDAA9321B893C98003DFD22 /* Models */ = {
			isa = PBXGroup;
			children = (
				6DDAA9331B893CB3003DFD22 /* Room.h */,
				6DDAA9341B893CB3003DFD22 /* Room.m */,
			);
			path = Models;
			sourceTree = "<group>";
		};
		6DDAA93A1B8A6CDB003DFD22 /* Store */ = {
			isa = PBXGroup;
			children = (
				6DDAA93B1B8A6CDB003DFD22 /* Assembler */,
				6DDAA9431B8A86C7003DFD22 /* RoomStore.h */,
				6DDAA9441B8A86C7003DFD22 /* RoomStore.m */,
			);
			path = Store;
			sourceTree = "<group>";
		};
		6DDAA93B1B8A6CDB003DFD22 /* Assembler */ = {
			isa = PBXGroup;
			children = (
				6DDAA93D1B8A6D15003DFD22 /* RoomAssembler.h */,
				6DDAA93E1B8A6D15003DFD22 /* RoomAssembler.m */,
			);
			path = Assembler;
			sourceTree = "<group>";
		};
		D07DF5C6A88D59ADF357C344 /* Frameworks */ = {
			isa = PBXGroup;
			children = (
				911DAE482C3E7F119D13DB7F /* libPods-SoapBoxTV.a */,
			);
			name = Frameworks;
			sourceTree = "<group>";
		};
		D40E8CA800C6A07A52454B71 /* Pods */ = {
			isa = PBXGroup;
			children = (
				CDEE55FC906EC13ABE0BD768 /* Pods-SoapBoxTV.debug.xcconfig */,
				0533F2DDC80E04311C3D436B /* Pods-SoapBoxTV.release.xcconfig */,
			);
			name = Pods;
			sourceTree = "<group>";
		};
/* End PBXGroup section */

/* Begin PBXNativeTarget section */
		6DA858FD1B6E69C50047D2A3 /* SoapBoxTV */ = {
			isa = PBXNativeTarget;
			buildConfigurationList = 6DA859211B6E69C60047D2A3 /* Build configuration list for PBXNativeTarget "SoapBoxTV" */;
			buildPhases = (
				069D2A8D7B4F08C54D6301F2 /* Check Pods Manifest.lock */,
				6DA858FA1B6E69C50047D2A3 /* Sources */,
				6DA858FB1B6E69C50047D2A3 /* Frameworks */,
				6DA858FC1B6E69C50047D2A3 /* Resources */,
				6DED7FCE1B71D3480008C4D3 /* ShellScript */,
				0D92AB373F0E35B5CEA5063C /* Copy Pods Resources */,
			);
			buildRules = (
			);
			dependencies = (
			);
			name = SoapBoxTV;
			productName = SoapBoxTV;
			productReference = 6DA858FE1B6E69C50047D2A3 /* SoapBoxTV.app */;
			productType = "com.apple.product-type.application";
		};
		6DA859161B6E69C60047D2A3 /* SoapBoxTVTests */ = {
			isa = PBXNativeTarget;
			buildConfigurationList = 6DA859241B6E69C60047D2A3 /* Build configuration list for PBXNativeTarget "SoapBoxTVTests" */;
			buildPhases = (
				6DA859131B6E69C60047D2A3 /* Sources */,
				6DA859141B6E69C60047D2A3 /* Frameworks */,
				6DA859151B6E69C60047D2A3 /* Resources */,
			);
			buildRules = (
			);
			dependencies = (
				6DA859191B6E69C60047D2A3 /* PBXTargetDependency */,
			);
			name = SoapBoxTVTests;
			productName = SoapBoxTVTests;
			productReference = 6DA859171B6E69C60047D2A3 /* SoapBoxTVTests.xctest */;
			productType = "com.apple.product-type.bundle.unit-test";
		};
/* End PBXNativeTarget section */

/* Begin PBXProject section */
		6DA858F61B6E69C50047D2A3 /* Project object */ = {
			isa = PBXProject;
			attributes = {
				LastUpgradeCheck = 0640;
				ORGANIZATIONNAME = "HEENA RASTOGI";
				TargetAttributes = {
					6DA858FD1B6E69C50047D2A3 = {
						CreatedOnToolsVersion = 6.4;
					};
					6DA859161B6E69C60047D2A3 = {
						CreatedOnToolsVersion = 6.4;
						TestTargetID = 6DA858FD1B6E69C50047D2A3;
					};
				};
			};
			buildConfigurationList = 6DA858F91B6E69C50047D2A3 /* Build configuration list for PBXProject "SoapBoxTV" */;
			compatibilityVersion = "Xcode 3.2";
			developmentRegion = English;
			hasScannedForEncodings = 0;
			knownRegions = (
				en,
				Base,
			);
			mainGroup = 6DA858F51B6E69C50047D2A3;
			productRefGroup = 6DA858FF1B6E69C50047D2A3 /* Products */;
			projectDirPath = "";
			projectRoot = "";
			targets = (
				6DA858FD1B6E69C50047D2A3 /* SoapBoxTV */,
				6DA859161B6E69C60047D2A3 /* SoapBoxTVTests */,
			);
		};
/* End PBXProject section */

/* Begin PBXResourcesBuildPhase section */
		6DA858FC1B6E69C50047D2A3 /* Resources */ = {
			isa = PBXResourcesBuildPhase;
			buildActionMask = 2147483647;
			files = (
				6DED7FD51B71D37B0008C4D3 /* TwitterKitResources.bundle in Resources */,
				6DA8590D1B6E69C60047D2A3 /* Main.storyboard in Resources */,
				6DA859121B6E69C60047D2A3 /* LaunchScreen.xib in Resources */,
				6DA8590F1B6E69C60047D2A3 /* Images.xcassets in Resources */,
			);
			runOnlyForDeploymentPostprocessing = 0;
		};
		6DA859151B6E69C60047D2A3 /* Resources */ = {
			isa = PBXResourcesBuildPhase;
			buildActionMask = 2147483647;
			files = (
			);
			runOnlyForDeploymentPostprocessing = 0;
		};
/* End PBXResourcesBuildPhase section */

/* Begin PBXShellScriptBuildPhase section */
		069D2A8D7B4F08C54D6301F2 /* Check Pods Manifest.lock */ = {
			isa = PBXShellScriptBuildPhase;
			buildActionMask = 2147483647;
			files = (
			);
			inputPaths = (
			);
			name = "Check Pods Manifest.lock";
			outputPaths = (
			);
			runOnlyForDeploymentPostprocessing = 0;
			shellPath = /bin/sh;
			shellScript = "diff \"${PODS_ROOT}/../Podfile.lock\" \"${PODS_ROOT}/Manifest.lock\" > /dev/null\nif [[ $? != 0 ]] ; then\n    cat << EOM\nerror: The sandbox is not in sync with the Podfile.lock. Run 'pod install' or update your CocoaPods installation.\nEOM\n    exit 1\nfi\n";
			showEnvVarsInLog = 0;
		};
		0D92AB373F0E35B5CEA5063C /* Copy Pods Resources */ = {
			isa = PBXShellScriptBuildPhase;
			buildActionMask = 2147483647;
			files = (
			);
			inputPaths = (
			);
			name = "Copy Pods Resources";
			outputPaths = (
			);
			runOnlyForDeploymentPostprocessing = 0;
			shellPath = /bin/sh;
			shellScript = "\"${SRCROOT}/Pods/Target Support Files/Pods-SoapBoxTV/Pods-SoapBoxTV-resources.sh\"\n";
			showEnvVarsInLog = 0;
		};
		6DED7FCE1B71D3480008C4D3 /* ShellScript */ = {
			isa = PBXShellScriptBuildPhase;
			buildActionMask = 2147483647;
			files = (
			);
			inputPaths = (
			);
			outputPaths = (
			);
			runOnlyForDeploymentPostprocessing = 0;
			shellPath = /bin/sh;
			shellScript = "./Fabric.framework/run 90403021d14ddd6a256a5c9b4f205164ae1cca28 bc12c2c3dd5f7eb78dd3e6d2c4f791a412a41413e4d8a98816b9fdf6e1bc24ac";
		};
/* End PBXShellScriptBuildPhase section */

/* Begin PBXSourcesBuildPhase section */
		6DA858FA1B6E69C50047D2A3 /* Sources */ = {
			isa = PBXSourcesBuildPhase;
			buildActionMask = 2147483647;
			files = (
				6D82EA771B8A8F58007EE2D6 /* LobbyTableViewController.m in Sources */,
				6DDAA9451B8A86C7003DFD22 /* RoomStore.m in Sources */,
				6DDAA9351B893CB3003DFD22 /* Room.m in Sources */,
				6D82EA791B8A8F58007EE2D6 /* RoomViewController.m in Sources */,
				6DDAA93F1B8A6D15003DFD22 /* RoomAssembler.m in Sources */,
				6D82EA7C1B8AE53A007EE2D6 /* LobbyViewController.m in Sources */,
				6D82EA781B8A8F58007EE2D6 /* LoginViewController.m in Sources */,
				6DA859071B6E69C60047D2A3 /* AppDelegate.m in Sources */,
				6DA859041B6E69C60047D2A3 /* main.m in Sources */,
			);
			runOnlyForDeploymentPostprocessing = 0;
		};
		6DA859131B6E69C60047D2A3 /* Sources */ = {
			isa = PBXSourcesBuildPhase;
			buildActionMask = 2147483647;
			files = (
				6DA8591E1B6E69C60047D2A3 /* SoapBoxTVTests.m in Sources */,
			);
			runOnlyForDeploymentPostprocessing = 0;
		};
/* End PBXSourcesBuildPhase section */

/* Begin PBXTargetDependency section */
		6DA859191B6E69C60047D2A3 /* PBXTargetDependency */ = {
			isa = PBXTargetDependency;
			target = 6DA858FD1B6E69C50047D2A3 /* SoapBoxTV */;
			targetProxy = 6DA859181B6E69C60047D2A3 /* PBXContainerItemProxy */;
		};
/* End PBXTargetDependency section */

/* Begin PBXVariantGroup section */
		6DA8590B1B6E69C60047D2A3 /* Main.storyboard */ = {
			isa = PBXVariantGroup;
			children = (
				6DA8590C1B6E69C60047D2A3 /* Base */,
			);
			name = Main.storyboard;
			sourceTree = "<group>";
		};
		6DA859101B6E69C60047D2A3 /* LaunchScreen.xib */ = {
			isa = PBXVariantGroup;
			children = (
				6DA859111B6E69C60047D2A3 /* Base */,
			);
			name = LaunchScreen.xib;
			sourceTree = "<group>";
		};
/* End PBXVariantGroup section */

/* Begin XCBuildConfiguration section */
		6DA8591F1B6E69C60047D2A3 /* Debug */ = {
			isa = XCBuildConfiguration;
			buildSettings = {
				ALWAYS_SEARCH_USER_PATHS = NO;
				CLANG_CXX_LANGUAGE_STANDARD = "gnu++0x";
				CLANG_CXX_LIBRARY = "libc++";
				CLANG_ENABLE_MODULES = YES;
				CLANG_ENABLE_OBJC_ARC = YES;
				CLANG_WARN_BOOL_CONVERSION = YES;
				CLANG_WARN_CONSTANT_CONVERSION = YES;
				CLANG_WARN_DIRECT_OBJC_ISA_USAGE = YES_ERROR;
				CLANG_WARN_EMPTY_BODY = YES;
				CLANG_WARN_ENUM_CONVERSION = YES;
				CLANG_WARN_INT_CONVERSION = YES;
				CLANG_WARN_OBJC_ROOT_CLASS = YES_ERROR;
				CLANG_WARN_UNREACHABLE_CODE = YES;
				CLANG_WARN__DUPLICATE_METHOD_MATCH = YES;
				"CODE_SIGN_IDENTITY[sdk=iphoneos*]" = "iPhone Developer";
				COPY_PHASE_STRIP = NO;
				DEBUG_INFORMATION_FORMAT = "dwarf-with-dsym";
				ENABLE_STRICT_OBJC_MSGSEND = YES;
				GCC_C_LANGUAGE_STANDARD = gnu99;
				GCC_DYNAMIC_NO_PIC = NO;
				GCC_NO_COMMON_BLOCKS = YES;
				GCC_OPTIMIZATION_LEVEL = 0;
				GCC_PREPROCESSOR_DEFINITIONS = (
					"DEBUG=1",
					"$(inherited)",
				);
				GCC_SYMBOLS_PRIVATE_EXTERN = NO;
				GCC_WARN_64_TO_32_BIT_CONVERSION = YES;
				GCC_WARN_ABOUT_RETURN_TYPE = YES_ERROR;
				GCC_WARN_UNDECLARED_SELECTOR = YES;
				GCC_WARN_UNINITIALIZED_AUTOS = YES_AGGRESSIVE;
				GCC_WARN_UNUSED_FUNCTION = YES;
				GCC_WARN_UNUSED_VARIABLE = YES;
				IPHONEOS_DEPLOYMENT_TARGET = 8.4;
				MTL_ENABLE_DEBUG_INFO = YES;
				ONLY_ACTIVE_ARCH = YES;
				SDKROOT = iphoneos;
			};
			name = Debug;
		};
		6DA859201B6E69C60047D2A3 /* Release */ = {
			isa = XCBuildConfiguration;
			buildSettings = {
				ALWAYS_SEARCH_USER_PATHS = NO;
				CLANG_CXX_LANGUAGE_STANDARD = "gnu++0x";
				CLANG_CXX_LIBRARY = "libc++";
				CLANG_ENABLE_MODULES = YES;
				CLANG_ENABLE_OBJC_ARC = YES;
				CLANG_WARN_BOOL_CONVERSION = YES;
				CLANG_WARN_CONSTANT_CONVERSION = YES;
				CLANG_WARN_DIRECT_OBJC_ISA_USAGE = YES_ERROR;
				CLANG_WARN_EMPTY_BODY = YES;
				CLANG_WARN_ENUM_CONVERSION = YES;
				CLANG_WARN_INT_CONVERSION = YES;
				CLANG_WARN_OBJC_ROOT_CLASS = YES_ERROR;
				CLANG_WARN_UNREACHABLE_CODE = YES;
				CLANG_WARN__DUPLICATE_METHOD_MATCH = YES;
				"CODE_SIGN_IDENTITY[sdk=iphoneos*]" = "iPhone Developer";
				COPY_PHASE_STRIP = NO;
				DEBUG_INFORMATION_FORMAT = "dwarf-with-dsym";
				ENABLE_NS_ASSERTIONS = NO;
				ENABLE_STRICT_OBJC_MSGSEND = YES;
				GCC_C_LANGUAGE_STANDARD = gnu99;
				GCC_NO_COMMON_BLOCKS = YES;
				GCC_WARN_64_TO_32_BIT_CONVERSION = YES;
				GCC_WARN_ABOUT_RETURN_TYPE = YES_ERROR;
				GCC_WARN_UNDECLARED_SELECTOR = YES;
				GCC_WARN_UNINITIALIZED_AUTOS = YES_AGGRESSIVE;
				GCC_WARN_UNUSED_FUNCTION = YES;
				GCC_WARN_UNUSED_VARIABLE = YES;
				IPHONEOS_DEPLOYMENT_TARGET = 8.4;
				MTL_ENABLE_DEBUG_INFO = NO;
				SDKROOT = iphoneos;
				VALIDATE_PRODUCT = YES;
			};
			name = Release;
		};
		6DA859221B6E69C60047D2A3 /* Debug */ = {
			isa = XCBuildConfiguration;
			baseConfigurationReference = CDEE55FC906EC13ABE0BD768 /* Pods-SoapBoxTV.debug.xcconfig */;
			buildSettings = {
				ASSETCATALOG_COMPILER_APPICON_NAME = AppIcon;
				FRAMEWORK_SEARCH_PATHS = (
					"$(inherited)",
					"$(PROJECT_DIR)",
				);
				INFOPLIST_FILE = SoapBoxTV/Info.plist;
				LD_RUNPATH_SEARCH_PATHS = "$(inherited) @executable_path/Frameworks";
				PRODUCT_NAME = "$(TARGET_NAME)";
			};
			name = Debug;
		};
		6DA859231B6E69C60047D2A3 /* Release */ = {
			isa = XCBuildConfiguration;
			baseConfigurationReference = 0533F2DDC80E04311C3D436B /* Pods-SoapBoxTV.release.xcconfig */;
			buildSettings = {
				ASSETCATALOG_COMPILER_APPICON_NAME = AppIcon;
				FRAMEWORK_SEARCH_PATHS = (
					"$(inherited)",
					"$(PROJECT_DIR)",
				);
				INFOPLIST_FILE = SoapBoxTV/Info.plist;
				LD_RUNPATH_SEARCH_PATHS = "$(inherited) @executable_path/Frameworks";
				PRODUCT_NAME = "$(TARGET_NAME)";
			};
			name = Release;
		};
		6DA859251B6E69C60047D2A3 /* Debug */ = {
			isa = XCBuildConfiguration;
			buildSettings = {
				BUNDLE_LOADER = "$(TEST_HOST)";
				FRAMEWORK_SEARCH_PATHS = (
					"$(SDKROOT)/Developer/Library/Frameworks",
					"$(inherited)",
				);
				GCC_PREPROCESSOR_DEFINITIONS = (
					"DEBUG=1",
					"$(inherited)",
				);
				INFOPLIST_FILE = SoapBoxTVTests/Info.plist;
				LD_RUNPATH_SEARCH_PATHS = "$(inherited) @executable_path/Frameworks @loader_path/Frameworks";
				PRODUCT_NAME = "$(TARGET_NAME)";
				TEST_HOST = "$(BUILT_PRODUCTS_DIR)/SoapBoxTV.app/SoapBoxTV";
			};
			name = Debug;
		};
		6DA859261B6E69C60047D2A3 /* Release */ = {
			isa = XCBuildConfiguration;
			buildSettings = {
				BUNDLE_LOADER = "$(TEST_HOST)";
				FRAMEWORK_SEARCH_PATHS = (
					"$(SDKROOT)/Developer/Library/Frameworks",
					"$(inherited)",
				);
				INFOPLIST_FILE = SoapBoxTVTests/Info.plist;
				LD_RUNPATH_SEARCH_PATHS = "$(inherited) @executable_path/Frameworks @loader_path/Frameworks";
				PRODUCT_NAME = "$(TARGET_NAME)";
				TEST_HOST = "$(BUILT_PRODUCTS_DIR)/SoapBoxTV.app/SoapBoxTV";
			};
			name = Release;
		};
/* End XCBuildConfiguration section */

/* Begin XCConfigurationList section */
		6DA858F91B6E69C50047D2A3 /* Build configuration list for PBXProject "SoapBoxTV" */ = {
			isa = XCConfigurationList;
			buildConfigurations = (
				6DA8591F1B6E69C60047D2A3 /* Debug */,
				6DA859201B6E69C60047D2A3 /* Release */,
			);
			defaultConfigurationIsVisible = 0;
			defaultConfigurationName = Release;
		};
		6DA859211B6E69C60047D2A3 /* Build configuration list for PBXNativeTarget "SoapBoxTV" */ = {
			isa = XCConfigurationList;
			buildConfigurations = (
				6DA859221B6E69C60047D2A3 /* Debug */,
				6DA859231B6E69C60047D2A3 /* Release */,
			);
			defaultConfigurationIsVisible = 0;
			defaultConfigurationName = Release;
		};
		6DA859241B6E69C60047D2A3 /* Build configuration list for PBXNativeTarget "SoapBoxTVTests" */ = {
			isa = XCConfigurationList;
			buildConfigurations = (
				6DA859251B6E69C60047D2A3 /* Debug */,
				6DA859261B6E69C60047D2A3 /* Release */,
			);
			defaultConfigurationIsVisible = 0;
			defaultConfigurationName = Release;
		};
/* End XCConfigurationList section */
	};
	rootObject = 6DA858F61B6E69C50047D2A3 /* Project object */;
}
